{
  "requires": true,
  "lockfileVersion": 1,
  "dependencies": {
    "runeterra": {
      "version": "0.1.0",
      "resolved": "https://registry.npmjs.org/runeterra/-/runeterra-0.1.0.tgz",
      "integrity": "sha512-FklB1GTZ6DZgzeg/265gqFk1OI16vJmEohdjGXQQctMC8TgjdQXWYaovGcRBM03TXEcZRXLgPICJKJueyK+R7g=="
    }
  }
}
